
Microsoft Visual Studio Solution File, Format Version 12.00
# Visual Studio 15
Project("{FAE04EC0-301F-11D3-BF4B-00C04F79EFBC}") = "Assembly-CSharp", "Assembly-CSharp.csproj", "{4E65B00B-AC93-71B0-746A-05BFD652EFB4}"
EndProject
Project("{FAE04EC0-301F-11D3-BF4B-00C04F79EFBC}") = "Assembly-CSharp-Editor", "Assembly-CSharp-Editor.csproj", "{A04A880F-F4FA-C3A4-55BF-F44822F6B558}"
EndProject
Global
	GlobalSection(SolutionConfigurationPlatforms) = preSolution
		Debug|Any CPU = Debug|Any CPU
		Release|Any CPU = Release|Any CPU
	EndGlobalSection
	GlobalSection(ProjectConfigurationPlatforms) = postSolution
		{4E65B00B-AC93-71B0-746A-05BFD652EFB4}.Debug|Any CPU.ActiveCfg = Debug|Any CPU
		{4E65B00B-AC93-71B0-746A-05BFD652EFB4}.Debug|Any CPU.Build.0 = Debug|Any CPU
		{4E65B00B-AC93-71B0-746A-05BFD652EFB4}.Release|Any CPU.ActiveCfg = Release|Any CPU
		{4E65B00B-AC93-71B0-746A-05BFD652EFB4}.Release|Any CPU.Build.0 = Release|Any CPU
		{A04A880F-F4FA-C3A4-55BF-F44822F6B558}.Debug|Any CPU.ActiveCfg = Debug|Any CPU
		{A04A880F-F4FA-C3A4-55BF-F44822F6B558}.Debug|Any CPU.Build.0 = Debug|Any CPU
		{A04A880F-F4FA-C3A4-55BF-F44822F6B558}.Release|Any CPU.ActiveCfg = Release|Any CPU
		{A04A880F-F4FA-C3A4-55BF-F44822F6B558}.Release|Any CPU.Build.0 = Release|Any CPU
	EndGlobalSection
	GlobalSection(SolutionProperties) = preSolution
		HideSolutionNode = FALSE
	EndGlobalSection
EndGlobal
